
Microsoft Visual Studio Solution File, Format Version 12.00
# Visual Studio Version 17
VisualStudioVersion = 17.13.35931.197 d17.13
MinimumVisualStudioVersion = 10.0.40219.1
Project("{FAE04EC0-301F-11D3-BF4B-00C04F79EFBC}") = "DentalNUB.API", "DentalNUB\DentalNUB.API.csproj", "{1033DA6A-C7B5-45F7-BC88-E4A578039B03}"
EndProject
Global
	GlobalSection(SolutionConfigurationPlatforms) = preSolution
		Debug|Any CPU = Debug|Any CPU
		Release|Any CPU = Release|Any CPU
	EndGlobalSection
	GlobalSection(ProjectConfigurationPlatforms) = postSolution
		{1033DA6A-C7B5-45F7-BC88-E4A578039B03}.Debug|Any CPU.ActiveCfg = Debug|Any CPU
		{1033DA6A-C7B5-45F7-BC88-E4A578039B03}.Debug|Any CPU.Build.0 = Debug|Any CPU
		{1033DA6A-C7B5-45F7-BC88-E4A578039B03}.Release|Any CPU.ActiveCfg = Release|Any CPU
		{1033DA6A-C7B5-45F7-BC88-E4A578039B03}.Release|Any CPU.Build.0 = Release|Any CPU
	EndGlobalSection
	GlobalSection(SolutionProperties) = preSolution
		HideSolutionNode = FALSE
	EndGlobalSection
	GlobalSection(ExtensibilityGlobals) = postSolution
		SolutionGuid = {371E29FB-F186-496D-B699-2654ABB4D211}
	EndGlobalSection
EndGlobal
